<?xml version="1.0" encoding="UTF-8" standalone="yes" ?>
<CodeBlocks_project_file>
	<FileVersion major="1" minor="6" />
	<Project>
		<Option title="projectGeneratorSimple" />
		<Option makefile="makefile" />
		<Option pch_mode="2" />
		<Option compiler="gcc" />
		<Option virtualFolders="addons\;src\;addons\ofxGui\src\;addons\ofxXmlSettings\libs\;addons\ofxXmlSettings\src\;src\addons\;src\cocoa\;src\projects\;src\pugixmlLib\;src\pugixmlLib\contrib\;src\pugixmlLib\lib\;src\pugixmlLib\scripts\;src\pugixmlLib\scripts\pugixml.xcodeproj\;src\pugixmlLib\src\;src\utils\;" />
		<Build>
			<Target title="release">
				<Option output="bin\$(PROJECT_NAME)" prefix_auto="1" extension_auto="1" />
				<Option working_dir="bin" />
				<Option object_output="obj\release" />
				<Option external_deps="..\..\..\libs\openFrameworksCompiled\lib\win_cb\openFrameworks.lib;" />
				<Option type="1" />
				<Option compiler="gcc" />
				<Option projectLinkerOptionsRelation="2" />
				<Compiler>
					<Add option="-O2" />
				</Compiler>
				<Linker>
					<Add option="-s" />
					<Add option="../../../libs/openFrameworksCompiled/lib/win_cb/openFrameworks.lib" />
				</Linker>
			</Target>
			<Target title="debug">
				<Option output="bin\$(PROJECT_NAME)_DEBUG" prefix_auto="1" extension_auto="1" />
				<Option working_dir="bin" />
				<Option object_output="obj\debug\" />
				<Option external_deps="..\..\..\libs\openFrameworksCompiled\lib\win_cb\openFrameworksDebug.lib;" />
				<Option type="1" />
				<Option compiler="gcc" />
				<Option projectLinkerOptionsRelation="2" />
				<Compiler>
					<Add option="-g" />
				</Compiler>
				<Linker>
					<Add option="../../../libs/openFrameworksCompiled/lib/win_cb/openFrameworksDebug.lib" />
				</Linker>
			</Target>
		</Build>
		<Compiler>
			<Add option="-Wno-multichar" />
			<Add directory="..\..\..\libs\glu\include" />
			<Add directory="..\..\..\libs\freetype\include" />
			<Add directory="..\..\..\libs\freetype\include\freetype2" />
			<Add directory="..\..\..\libs\FreeImage\include" />
			<Add directory="..\..\..\libs\quicktime\include" />
			<Add directory="..\..\..\libs\rtAudio\include" />
			<Add directory="..\..\..\libs\fmodex\include" />
			<Add directory="..\..\..\libs\videoInput\include" />
			<Add directory="..\..\..\libs\glew\include" />
			<Add directory="..\..\..\libs\glut\include" />
			<Add directory="..\..\..\libs\openFrameworks" />
			<Add directory="..\..\..\libs\openFrameworks\3d" />
			<Add directory="..\..\..\libs\openFrameworks\app" />
			<Add directory="..\..\..\libs\openFrameworks\communication" />
			<Add directory="..\..\..\libs\openFrameworks\events" />
			<Add directory="..\..\..\libs\openFrameworks\gl" />
			<Add directory="..\..\..\libs\openFrameworks\graphics" />
			<Add directory="..\..\..\libs\openFrameworks\math" />
			<Add directory="..\..\..\libs\openFrameworks\sound" />
			<Add directory="..\..\..\libs\openFrameworks\types" />
			<Add directory="..\..\..\libs\openFrameworks\utils" />
			<Add directory="..\..\..\libs\openFrameworks\video" />
			<Add directory="..\..\..\libs\poco\include" />
			<Add directory="..\..\..\libs\tess2\include" />
			<Add directory="..\..\..\libs\cairo\include\cairo" />
			<Add directory="src" />
			<Add directory="src\addons" />
			<Add directory="src\cocoa" />
			<Add directory="src\projects" />
			<Add directory="src\pugixmlLib" />
			<Add directory="src\pugixmlLib\contrib" />
			<Add directory="src\pugixmlLib\lib" />
			<Add directory="src\pugixmlLib\scripts" />
			<Add directory="src\pugixmlLib\scripts\pugixml.xcodeproj" />
			<Add directory="src\pugixmlLib\src" />
			<Add directory="src\utils" />
			<Add directory="..\..\..\addons\ofxGui\libs" />
			<Add directory="..\..\..\addons\ofxGui\src" />
			<Add directory="..\..\..\addons\ofxXmlSettings\libs" />
			<Add directory="..\..\..\addons\ofxXmlSettings\src" />
		</Compiler>
		<Linker>
			<Add library="..\..\..\libs\FreeImage\lib\win_cb\FreeImage.lib" />
			<Add library="..\..\..\libs\rtAudio\lib\win_cb\librtaudio.a" />
			<Add library="..\..\..\libs\quicktime\lib\win_cb\qtmlClient.lib" />
			<Add library="..\..\..\libs\cairo\lib\win_cb\libcairo.a" />
			<Add library="..\..\..\libs\cairo\lib\win_cb\libpixman-1.a" />
			<Add library="..\..\..\libs\freetype\lib\win_cb\libfreetype.a" />
			<Add library="..\..\..\libs\glut\lib\win_cb\libglut.a" />
			<Add library="..\..\..\libs\videoInput\lib\win_cb\videoInputLib.a" />
			<Add library="..\..\..\libs\fmodex\lib\win_cb\libfmodex.a" />
			<Add library="..\..\..\libs\glew\lib\win_cb\glew32s.lib" />
			<Add library="..\..\..\libs\glu\lib\win_cb\glu32.lib" />
			<Add library="..\..\..\libs\poco\lib\win_cb\libPocoNet.a" />
			<Add library="..\..\..\libs\poco\lib\win_cb\libPocoUtil.a" />
			<Add library="..\..\..\libs\poco\lib\win_cb\libPocoXML.a" />
			<Add library="..\..\..\libs\poco\lib\win_cb\libPocoFoundation.a" />
			<Add library="..\..\..\libs\tess2\lib\win_cb\libtess2.a" />
			<Add library="opengl32" />
			<Add library="gdi32" />
			<Add library="msimg32" />
			<Add library="glu32" />
			<Add library="dsound" />
			<Add library="winmm" />
			<Add library="dxguid" />
			<Add library="strmbase" />
			<Add library="strmiids" />
			<Add library="z" />
			<Add library="uuid" />
			<Add library="ole32" />
			<Add library="oleaut32" />
			<Add library="setupapi" />
			<Add library="wsock32" />
			<Add library="ws2_32" />
			<Add library="Iphlpapi" />
			<Add library="Comdlg32" />
		</Linker>
		<ExtraCommands>
			<Add after='xcopy /e /i /y &quot;$(PROJECT_DIR)..\..\..\export\win_cb\*.dll&quot;  &quot;$(PROJECT_DIR)bin&quot;' />
			<Add after='cmd /c if not exist &quot;$(PROJECT_DIR)bin/data&quot; mkdir &quot;$(PROJECT_DIR)bin/data&quot;' />
			<Mode after="always" />
		</ExtraCommands>
		<Unit filename="..\..\..\addons\ofxGui\src\ofOscParameter.h">
			<Option virtualFolder="addons\ofxGui\src" />
		</Unit>
		<Unit filename="..\..\..\addons\ofxGui\src\ofParameter.h">
			<Option virtualFolder="addons\ofxGui\src" />
		</Unit>
		<Unit filename="..\..\..\addons\ofxGui\src\ofxBaseGui.cpp">
			<Option virtualFolder="addons\ofxGui\src" />
		</Unit>
		<Unit filename="..\..\..\addons\ofxGui\src\ofxBaseGui.h">
			<Option virtualFolder="addons\ofxGui\src" />
		</Unit>
		<Unit filename="..\..\..\addons\ofxGui\src\ofxButton.cpp">
			<Option virtualFolder="addons\ofxGui\src" />
		</Unit>
		<Unit filename="..\..\..\addons\ofxGui\src\ofxButton.h">
			<Option virtualFolder="addons\ofxGui\src" />
		</Unit>
		<Unit filename="..\..\..\addons\ofxGui\src\ofxGui.h">
			<Option virtualFolder="addons\ofxGui\src" />
		</Unit>
		<Unit filename="..\..\..\addons\ofxGui\src\ofxLabel.cpp">
			<Option virtualFolder="addons\ofxGui\src" />
		</Unit>
		<Unit filename="..\..\..\addons\ofxGui\src\ofxLabel.h">
			<Option virtualFolder="addons\ofxGui\src" />
		</Unit>
		<Unit filename="..\..\..\addons\ofxGui\src\ofxPanel.cpp">
			<Option virtualFolder="addons\ofxGui\src" />
		</Unit>
		<Unit filename="..\..\..\addons\ofxGui\src\ofxPanel.h">
			<Option virtualFolder="addons\ofxGui\src" />
		</Unit>
		<Unit filename="..\..\..\addons\ofxGui\src\ofxSlider.cpp">
			<Option virtualFolder="addons\ofxGui\src" />
		</Unit>
		<Unit filename="..\..\..\addons\ofxGui\src\ofxSlider.h">
			<Option virtualFolder="addons\ofxGui\src" />
		</Unit>
		<Unit filename="..\..\..\addons\ofxGui\src\ofxToggle.cpp">
			<Option virtualFolder="addons\ofxGui\src" />
		</Unit>
		<Unit filename="..\..\..\addons\ofxGui\src\ofxToggle.h">
			<Option virtualFolder="addons\ofxGui\src" />
		</Unit>
		<Unit filename="..\..\..\addons\ofxXmlSettings\libs\tinyxml.cpp">
			<Option virtualFolder="addons\ofxXmlSettings\libs" />
		</Unit>
		<Unit filename="..\..\..\addons\ofxXmlSettings\libs\tinyxml.h">
			<Option virtualFolder="addons\ofxXmlSettings\libs" />
		</Unit>
		<Unit filename="..\..\..\addons\ofxXmlSettings\libs\tinyxmlerror.cpp">
			<Option virtualFolder="addons\ofxXmlSettings\libs" />
		</Unit>
		<Unit filename="..\..\..\addons\ofxXmlSettings\libs\tinyxmlparser.cpp">
			<Option virtualFolder="addons\ofxXmlSettings\libs" />
		</Unit>
		<Unit filename="..\..\..\addons\ofxXmlSettings\src\ofxXmlSettings.cpp">
			<Option virtualFolder="addons\ofxXmlSettings\src" />
		</Unit>
		<Unit filename="..\..\..\addons\ofxXmlSettings\src\ofxXmlSettings.h">
			<Option virtualFolder="addons\ofxXmlSettings\src" />
		</Unit>
		<Unit filename="src\addons\ofAddon.cpp">
			<Option virtualFolder="src\addons" />
		</Unit>
		<Unit filename="src\addons\ofAddon.h">
			<Option virtualFolder="src\addons" />
		</Unit>
		<Unit filename="src\cocoa\g2AppKit.h">
			<Option virtualFolder="src\cocoa" />
		</Unit>
		<Unit filename="src\cocoa\g2AppKit.mm">
			<Option virtualFolder="src\cocoa" />
		</Unit>
		<Unit filename="src\main.cpp">
			<Option virtualFolder="src" />
		</Unit>
		<Unit filename="src\projects\CBLinuxProject.cpp">
			<Option virtualFolder="src\projects" />
		</Unit>
		<Unit filename="src\projects\CBLinuxProject.h">
			<Option virtualFolder="src\projects" />
		</Unit>
		<Unit filename="src\projects\CBWinProject.cpp">
			<Option virtualFolder="src\projects" />
		</Unit>
		<Unit filename="src\projects\CBWinProject.h">
			<Option virtualFolder="src\projects" />
		</Unit>
		<Unit filename="src\projects\baseProject.cpp">
			<Option virtualFolder="src\projects" />
		</Unit>
		<Unit filename="src\projects\baseProject.h">
			<Option virtualFolder="src\projects" />
		</Unit>
		<Unit filename="src\projects\visualStudioProject.cpp">
			<Option virtualFolder="src\projects" />
		</Unit>
		<Unit filename="src\projects\visualStudioProject.h">
			<Option virtualFolder="src\projects" />
		</Unit>
		<Unit filename="src\projects\xcodeProject.cpp">
			<Option virtualFolder="src\projects" />
		</Unit>
		<Unit filename="src\projects\xcodeProject.h">
			<Option virtualFolder="src\projects" />
		</Unit>
		<Unit filename="src\pugixmlLib\Jamfile.jam">
			<Option virtualFolder="src\pugixmlLib" />
		</Unit>
		<Unit filename="src\pugixmlLib\Jamrules.jam">
			<Option virtualFolder="src\pugixmlLib" />
		</Unit>
		<Unit filename="src\pugixmlLib\contrib\foreach.hpp">
			<Option virtualFolder="src\pugixmlLib\contrib" />
		</Unit>
		<Unit filename="src\pugixmlLib\readme.txt">
			<Option virtualFolder="src\pugixmlLib" />
		</Unit>
		<Unit filename="src\pugixmlLib\scripts\CMakeLists.txt">
			<Option virtualFolder="src\pugixmlLib\scripts" />
		</Unit>
		<Unit filename="src\pugixmlLib\scripts\premake4.lua">
			<Option virtualFolder="src\pugixmlLib\scripts" />
		</Unit>
		<Unit filename="src\pugixmlLib\scripts\pugixml.xcodeproj\project.pbxproj">
			<Option virtualFolder="src\pugixmlLib\scripts\pugixml.xcodeproj" />
		</Unit>
		<Unit filename="src\pugixmlLib\scripts\pugixml_codeblocks.cbp">
			<Option virtualFolder="src\pugixmlLib\scripts" />
		</Unit>
		<Unit filename="src\pugixmlLib\scripts\pugixml_codelite.project">
			<Option virtualFolder="src\pugixmlLib\scripts" />
		</Unit>
		<Unit filename="src\pugixmlLib\scripts\pugixml_vs2005.vcproj">
			<Option virtualFolder="src\pugixmlLib\scripts" />
		</Unit>
		<Unit filename="src\pugixmlLib\scripts\pugixml_vs2005_static.vcproj">
			<Option virtualFolder="src\pugixmlLib\scripts" />
		</Unit>
		<Unit filename="src\pugixmlLib\scripts\pugixml_vs2008.vcproj">
			<Option virtualFolder="src\pugixmlLib\scripts" />
		</Unit>
		<Unit filename="src\pugixmlLib\scripts\pugixml_vs2008_static.vcproj">
			<Option virtualFolder="src\pugixmlLib\scripts" />
		</Unit>
		<Unit filename="src\pugixmlLib\scripts\pugixml_vs2010.vcxproj">
			<Option virtualFolder="src\pugixmlLib\scripts" />
		</Unit>
		<Unit filename="src\pugixmlLib\scripts\pugixml_vs2010_static.vcxproj">
			<Option virtualFolder="src\pugixmlLib\scripts" />
		</Unit>
		<Unit filename="src\pugixmlLib\src\pugiconfig.hpp">
			<Option virtualFolder="src\pugixmlLib\src" />
		</Unit>
		<Unit filename="src\pugixmlLib\src\pugixml.cpp">
			<Option virtualFolder="src\pugixmlLib\src" />
		</Unit>
		<Unit filename="src\pugixmlLib\src\pugixml.hpp">
			<Option virtualFolder="src\pugixmlLib\src" />
		</Unit>
		<Unit filename="src\testApp.cpp">
			<Option virtualFolder="src" />
		</Unit>
		<Unit filename="src\testApp.h">
			<Option virtualFolder="src" />
		</Unit>
		<Unit filename="src\textButton.h">
			<Option virtualFolder="src" />
		</Unit>
		<Unit filename="src\utils\Utils.cpp">
			<Option virtualFolder="src\utils" />
		</Unit>
		<Unit filename="src\utils\Utils.h">
			<Option virtualFolder="src\utils" />
		</Unit>
		<Unit filename="src\utils\ofAppNoWindow.cpp">
			<Option virtualFolder="src\utils" />
		</Unit>
		<Unit filename="src\utils\ofAppNoWindow.h">
			<Option virtualFolder="src\utils" />
		</Unit>
		<Extensions>
			<code_completion />
			<debugger />
			<envvars />
		</Extensions>
	</Project>
</CodeBlocks_project_file>
