<?xml version="1.0" encoding="utf-8"?>
<Project ToolsVersion="4.0" xmlns="http://schemas.microsoft.com/developer/msbuild/2003">
  <ItemGroup>
    <ClCompile Include="src\main.cpp">
      <Filter>src</Filter>
    </ClCompile>
    <ClCompile Include="src\main.cpp">
      <Filter>src</Filter>
    </ClCompile>
    <ClCompile Include="src\ofApp.cpp">
      <Filter>src</Filter>
    </ClCompile>
    <ClCompile Include="..\..\..\addons\ofxPoco\src\ofxXmlPoco.cpp">
      <Filter>addons\ofxPoco\src</Filter>
    </ClCompile>
    <ClCompile Include="..\ofxProjectGenerator\src\addons\ofAddon.cpp">
      <Filter>local_addons\ofxProjectGenerator\src\addons</Filter>
    </ClCompile>
    <ClCompile Include="..\ofxProjectGenerator\src\projects\androidStudioProject.cpp">
      <Filter>local_addons\ofxProjectGenerator\src\projects</Filter>
    </ClCompile>
    <ClCompile Include="..\ofxProjectGenerator\src\projects\baseProject.cpp">
      <Filter>local_addons\ofxProjectGenerator\src\projects</Filter>
    </ClCompile>
    <ClCompile Include="..\ofxProjectGenerator\src\projects\CBLinuxProject.cpp">
      <Filter>local_addons\ofxProjectGenerator\src\projects</Filter>
    </ClCompile>
    <ClCompile Include="..\ofxProjectGenerator\src\projects\CBWinProject.cpp">
      <Filter>local_addons\ofxProjectGenerator\src\projects</Filter>
    </ClCompile>
    <ClCompile Include="..\ofxProjectGenerator\src\projects\qtcreatorproject.cpp">
      <Filter>local_addons\ofxProjectGenerator\src\projects</Filter>
    </ClCompile>
    <ClCompile Include="..\ofxProjectGenerator\src\projects\visualStudioProject.cpp">
      <Filter>local_addons\ofxProjectGenerator\src\projects</Filter>
    </ClCompile>
    <ClCompile Include="..\ofxProjectGenerator\src\projects\xcodeProject.cpp">
      <Filter>local_addons\ofxProjectGenerator\src\projects</Filter>
    </ClCompile>
    <ClCompile Include="..\ofxProjectGenerator\src\utils\LibraryBinary.cpp">
      <Filter>local_addons\ofxProjectGenerator\src\utils</Filter>
    </ClCompile>
    <ClCompile Include="..\ofxProjectGenerator\src\utils\Utils.cpp">
      <Filter>local_addons\ofxProjectGenerator\src\utils</Filter>
    </ClCompile>
  </ItemGroup>
  <ItemGroup>
    <Filter Include="src">
      <UniqueIdentifier>{d8376475-7454-4a24-b08a-aac121d3ad6f}</UniqueIdentifier>
    </Filter>
    <Filter Include="addons">
      <UniqueIdentifier>{71834F65-F3A9-211E-73B8-DC85}</UniqueIdentifier>
    </Filter>
    <Filter Include="addons\ofxPoco">
      <UniqueIdentifier>{3256AE3E-9B29-EA27-C842-CE6B}</UniqueIdentifier>
    </Filter>
    <Filter Include="addons\ofxPoco\src">
      <UniqueIdentifier>{C7D4269D-D8A9-A7BB-531B-98DA}</UniqueIdentifier>
    </Filter>
    <Filter Include="local_addons">
      <UniqueIdentifier>{DE6745C7-E99D-D8E0-F77D-C032}</UniqueIdentifier>
    </Filter>
    <Filter Include="local_addons\ofxProjectGenerator">
      <UniqueIdentifier>{04ADF8B0-AE7A-FB41-E0DF-5AB6}</UniqueIdentifier>
    </Filter>
    <Filter Include="local_addons\ofxProjectGenerator\src">
      <UniqueIdentifier>{22BFB2DF-FDA3-838A-F39D-033B}</UniqueIdentifier>
    </Filter>
    <Filter Include="local_addons\ofxProjectGenerator\src\addons">
      <UniqueIdentifier>{48D8BC28-D905-C666-C179-A88B}</UniqueIdentifier>
    </Filter>
    <Filter Include="local_addons\ofxProjectGenerator\src\projects">
      <UniqueIdentifier>{624EB3BE-8A01-BFBA-5112-0A69}</UniqueIdentifier>
    </Filter>
    <Filter Include="local_addons\ofxProjectGenerator\src\utils">
      <UniqueIdentifier>{A62DD3D9-F18F-2AD2-EAED-2F82}</UniqueIdentifier>
    </Filter>
  </ItemGroup>
  <ItemGroup>
    <ClInclude Include="src\ofApp.h">
      <Filter>src</Filter>
    </ClInclude>
    <ClInclude Include="src\optionparser.h">
      <Filter>src</Filter>
    </ClInclude>
    <ClInclude Include="..\..\..\addons\ofxPoco\src\ofxXmlPoco.h">
      <Filter>addons\ofxPoco\src</Filter>
    </ClInclude>
    <ClInclude Include="..\ofxProjectGenerator\src\addons\ofAddon.h">
      <Filter>local_addons\ofxProjectGenerator\src\addons</Filter>
    </ClInclude>
    <ClInclude Include="..\ofxProjectGenerator\src\projects\androidStudioProject.h">
      <Filter>local_addons\ofxProjectGenerator\src\projects</Filter>
    </ClInclude>
    <ClInclude Include="..\ofxProjectGenerator\src\projects\baseProject.h">
      <Filter>local_addons\ofxProjectGenerator\src\projects</Filter>
    </ClInclude>
    <ClInclude Include="..\ofxProjectGenerator\src\projects\CBLinuxProject.h">
      <Filter>local_addons\ofxProjectGenerator\src\projects</Filter>
    </ClInclude>
    <ClInclude Include="..\ofxProjectGenerator\src\projects\CBWinProject.h">
      <Filter>local_addons\ofxProjectGenerator\src\projects</Filter>
    </ClInclude>
    <ClInclude Include="..\ofxProjectGenerator\src\projects\qtcreatorproject.h">
      <Filter>local_addons\ofxProjectGenerator\src\projects</Filter>
    </ClInclude>
    <ClInclude Include="..\ofxProjectGenerator\src\projects\visualStudioProject.h">
      <Filter>local_addons\ofxProjectGenerator\src\projects</Filter>
    </ClInclude>
    <ClInclude Include="..\ofxProjectGenerator\src\projects\xcodeProject.h">
      <Filter>local_addons\ofxProjectGenerator\src\projects</Filter>
    </ClInclude>
    <ClInclude Include="..\ofxProjectGenerator\src\utils\LibraryBinary.h">
      <Filter>local_addons\ofxProjectGenerator\src\utils</Filter>
    </ClInclude>
    <ClInclude Include="..\ofxProjectGenerator\src\utils\Utils.h">
      <Filter>local_addons\ofxProjectGenerator\src\utils</Filter>
    </ClInclude>
  </ItemGroup>
  <ItemGroup>
    <ResourceCompile Include="icon.rc" />
  </ItemGroup>
</Project>